// !$*UTF8*$!
{
	archiveVersion = 1;
	classes = {
	};
	objectVersion = 56;
	objects = {

/* Begin PBXBuildFile section */
		17016F712A310A3A00C1593E /* LycheeApp.swift in Sources */ = {isa = PBXBuildFile; fileRef = 17016F702A310A3A00C1593E /* LycheeApp.swift */; };
		17016F732A310A3A00C1593E /* ContentView.swift in Sources */ = {isa = PBXBuildFile; fileRef = 17016F722A310A3A00C1593E /* ContentView.swift */; };
		17016F752A310A3B00C1593E /* Assets.xcassets in Resources */ = {isa = PBXBuildFile; fileRef = 17016F742A310A3B00C1593E /* Assets.xcassets */; };
		17016F782A310A3B00C1593E /* Preview Assets.xcassets in Resources */ = {isa = PBXBuildFile; fileRef = 17016F772A310A3B00C1593E /* Preview Assets.xcassets */; };
		17016F832A310A3B00C1593E /* LycheeTests.swift in Sources */ = {isa = PBXBuildFile; fileRef = 17016F822A310A3B00C1593E /* LycheeTests.swift */; };
		17016F8D2A310A3B00C1593E /* LycheeUITests.swift in Sources */ = {isa = PBXBuildFile; fileRef = 17016F8C2A310A3B00C1593E /* LycheeUITests.swift */; };
		17016F8F2A310A3B00C1593E /* LycheeUITestsLaunchTests.swift in Sources */ = {isa = PBXBuildFile; fileRef = 17016F8E2A310A3B00C1593E /* LycheeUITestsLaunchTests.swift */; };
/* End PBXBuildFile section */

/* Begin PBXContainerItemProxy section */
		17016F7F2A310A3B00C1593E /* PBXContainerItemProxy */ = {
			isa = PBXContainerItemProxy;
			containerPortal = 17016F652A310A3A00C1593E /* Project object */;
			proxyType = 1;
			remoteGlobalIDString = 17016F6C2A310A3A00C1593E;
			remoteInfo = Lychee;
		};
		17016F892A310A3B00C1593E /* PBXContainerItemProxy */ = {
			isa = PBXContainerItemProxy;
			containerPortal = 17016F652A310A3A00C1593E /* Project object */;
			proxyType = 1;
			remoteGlobalIDString = 17016F6C2A310A3A00C1593E;
			remoteInfo = Lychee;
		};
/* End PBXContainerItemProxy section */

/* Begin PBXFileReference section */
		17016F6D2A310A3A00C1593E /* Lychee.app */ = {isa = PBXFileReference; explicitFileType = wrapper.application; includeInIndex = 0; path = Lychee.app; sourceTree = BUILT_PRODUCTS_DIR; };
		17016F702A310A3A00C1593E /* LycheeApp.swift */ = {isa = PBXFileReference; lastKnownFileType = sourcecode.swift; path = LycheeApp.swift; sourceTree = "<group>"; };
		17016F722A310A3A00C1593E /* ContentView.swift */ = {isa = PBXFileReference; lastKnownFileType = sourcecode.swift; path = ContentView.swift; sourceTree = "<group>"; };
		17016F742A310A3B00C1593E /* Assets.xcassets */ = {isa = PBXFileReference; lastKnownFileType = folder.assetcatalog; path = Assets.xcassets; sourceTree = "<group>"; };
		17016F772A310A3B00C1593E /* Preview Assets.xcassets */ = {isa = PBXFileReference; lastKnownFileType = folder.assetcatalog; path = "Preview Assets.xcassets"; sourceTree = "<group>"; };
		17016F792A310A3B00C1593E /* Lychee.entitlements */ = {isa = PBXFileReference; lastKnownFileType = text.plist.entitlements; path = Lychee.entitlements; sourceTree = "<group>"; };
		17016F7E2A310A3B00C1593E /* LycheeTests.xctest */ = {isa = PBXFileReference; explicitFileType = wrapper.cfbundle; includeInIndex = 0; path = LycheeTests.xctest; sourceTree = BUILT_PRODUCTS_DIR; };
		17016F822A310A3B00C1593E /* LycheeTests.swift */ = {isa = PBXFileReference; lastKnownFileType = sourcecode.swift; path = LycheeTests.swift; sourceTree = "<group>"; };
		17016F882A310A3B00C1593E /* LycheeUITests.xctest */ = {isa = PBXFileReference; explicitFileType = wrapper.cfbundle; includeInIndex = 0; path = LycheeUITests.xctest; sourceTree = BUILT_PRODUCTS_DIR; };
		17016F8C2A310A3B00C1593E /* LycheeUITests.swift */ = {isa = PBXFileReference; lastKnownFileType = sourcecode.swift; path = LycheeUITests.swift; sourceTree = "<group>"; };
		17016F8E2A310A3B00C1593E /* LycheeUITestsLaunchTests.swift */ = {isa = PBXFileReference; lastKnownFileType = sourcecode.swift; path = LycheeUITestsLaunchTests.swift; sourceTree = "<group>"; };
/* End PBXFileReference section */

/* Begin PBXFrameworksBuildPhase section */
		17016F6A2A310A3A00C1593E /* Frameworks */ = {
			isa = PBXFrameworksBuildPhase;
			buildActionMask = 2147483647;
			files = (
			);
			runOnlyForDeploymentPostprocessing = 0;
		};
		17016F7B2A310A3B00C1593E /* Frameworks */ = {
			isa = PBXFrameworksBuildPhase;
			buildActionMask = 2147483647;
			files = (
			);
			runOnlyForDeploymentPostprocessing = 0;
		};
		17016F852A310A3B00C1593E /* Frameworks */ = {
			isa = PBXFrameworksBuildPhase;
			buildActionMask = 2147483647;
			files = (
			);
			runOnlyForDeploymentPostprocessing = 0;
		};
/* End PBXFrameworksBuildPhase section */

/* Begin PBXGroup section */
		17016F642A310A3A00C1593E = {
			isa = PBXGroup;
			children = (
				17016F6F2A310A3A00C1593E /* Lychee */,
				17016F812A310A3B00C1593E /* LycheeTests */,
				17016F8B2A310A3B00C1593E /* LycheeUITests */,
				17016F6E2A310A3A00C1593E /* Products */,
			);
			sourceTree = "<group>";
		};
		17016F6E2A310A3A00C1593E /* Products */ = {
			isa = PBXGroup;
			children = (
				17016F6D2A310A3A00C1593E /* Lychee.app */,
				17016F7E2A310A3B00C1593E /* LycheeTests.xctest */,
				17016F882A310A3B00C1593E /* LycheeUITests.xctest */,
			);
			name = Products;
			sourceTree = "<group>";
		};
		17016F6F2A310A3A00C1593E /* Lychee */ = {
			isa = PBXGroup;
			children = (
				17016F702A310A3A00C1593E /* LycheeApp.swift */,
				17016F722A310A3A00C1593E /* ContentView.swift */,
				17016F742A310A3B00C1593E /* Assets.xcassets */,
				17016F792A310A3B00C1593E /* Lychee.entitlements */,
				17016F762A310A3B00C1593E /* Preview Content */,
			);
			path = Lychee;
			sourceTree = "<group>";
		};
		17016F762A310A3B00C1593E /* Preview Content */ = {
			isa = PBXGroup;
			children = (
				17016F772A310A3B00C1593E /* Preview Assets.xcassets */,
			);
			path = "Preview Content";
			sourceTree = "<group>";
		};
		17016F812A310A3B00C1593E /* LycheeTests */ = {
			isa = PBXGroup;
			children = (
				17016F822A310A3B00C1593E /* LycheeTests.swift */,
			);
			path = LycheeTests;
			sourceTree = "<group>";
		};
		17016F8B2A310A3B00C1593E /* LycheeUITests */ = {
			isa = PBXGroup;
			children = (
				17016F8C2A310A3B00C1593E /* LycheeUITests.swift */,
				17016F8E2A310A3B00C1593E /* LycheeUITestsLaunchTests.swift */,
			);
			path = LycheeUITests;
			sourceTree = "<group>";
		};
/* End PBXGroup section */

/* Begin PBXNativeTarget section */
		17016F6C2A310A3A00C1593E /* Lychee */ = {
			isa = PBXNativeTarget;
			buildConfigurationList = 17016F922A310A3B00C1593E /* Build configuration list for PBXNativeTarget "Lychee" */;
			buildPhases = (
				17016F692A310A3A00C1593E /* Sources */,
				17016F6A2A310A3A00C1593E /* Frameworks */,
				17016F6B2A310A3A00C1593E /* Resources */,
			);
			buildRules = (
			);
			dependencies = (
			);
			name = Lychee;
			productName = Lychee;
			productReference = 17016F6D2A310A3A00C1593E /* Lychee.app */;
			productType = "com.apple.product-type.application";
		};
		17016F7D2A310A3B00C1593E /* LycheeTests */ = {
			isa = PBXNativeTarget;
			buildConfigurationList = 17016F952A310A3B00C1593E /* Build configuration list for PBXNativeTarget "LycheeTests" */;
			buildPhases = (
				17016F7A2A310A3B00C1593E /* Sources */,
				17016F7B2A310A3B00C1593E /* Frameworks */,
				17016F7C2A310A3B00C1593E /* Resources */,
			);
			buildRules = (
			);
			dependencies = (
				17016F802A310A3B00C1593E /* PBXTargetDependency */,
			);
			name = LycheeTests;
			productName = LycheeTests;
			productReference = 17016F7E2A310A3B00C1593E /* LycheeTests.xctest */;
			productType = "com.apple.product-type.bundle.unit-test";
		};
		17016F872A310A3B00C1593E /* LycheeUITests */ = {
			isa = PBXNativeTarget;
			buildConfigurationList = 17016F982A310A3B00C1593E /* Build configuration list for PBXNativeTarget "LycheeUITests" */;
			buildPhases = (
				17016F842A310A3B00C1593E /* Sources */,
				17016F852A310A3B00C1593E /* Frameworks */,
				17016F862A310A3B00C1593E /* Resources */,
			);
			buildRules = (
			);
			dependencies = (
				17016F8A2A310A3B00C1593E /* PBXTargetDependency */,
			);
			name = LycheeUITests;
			productName = LycheeUITests;
			productReference = 17016F882A310A3B00C1593E /* LycheeUITests.xctest */;
			productType = "com.apple.product-type.bundle.ui-testing";
		};
/* End PBXNativeTarget section */

/* Begin PBXProject section */
		17016F652A310A3A00C1593E /* Project object */ = {
			isa = PBXProject;
			attributes = {
				BuildIndependentTargetsInParallel = 1;
				LastSwiftUpdateCheck = 1420;
				LastUpgradeCheck = 1420;
				TargetAttributes = {
					17016F6C2A310A3A00C1593E = {
						CreatedOnToolsVersion = 14.2;
					};
					17016F7D2A310A3B00C1593E = {
						CreatedOnToolsVersion = 14.2;
						TestTargetID = 17016F6C2A310A3A00C1593E;
					};
					17016F872A310A3B00C1593E = {
						CreatedOnToolsVersion = 14.2;
						TestTargetID = 17016F6C2A310A3A00C1593E;
					};
				};
			};
			buildConfigurationList = 17016F682A310A3A00C1593E /* Build configuration list for PBXProject "Lychee" */;
			compatibilityVersion = "Xcode 14.0";
			developmentRegion = en;
			hasScannedForEncodings = 0;
			knownRegions = (
				en,
				Base,
			);
			mainGroup = 17016F642A310A3A00C1593E;
			productRefGroup = 17016F6E2A310A3A00C1593E /* Products */;
			projectDirPath = "";
			projectRoot = "";
			targets = (
				17016F6C2A310A3A00C1593E /* Lychee */,
				17016F7D2A310A3B00C1593E /* LycheeTests */,
				17016F872A310A3B00C1593E /* LycheeUITests */,
			);
		};
/* End PBXProject section */

/* Begin PBXResourcesBuildPhase section */
		17016F6B2A310A3A00C1593E /* Resources */ = {
			isa = PBXResourcesBuildPhase;
			buildActionMask = 2147483647;
			files = (
				17016F782A310A3B00C1593E /* Preview Assets.xcassets in Resources */,
				17016F752A310A3B00C1593E /* Assets.xcassets in Resources */,
			);
			runOnlyForDeploymentPostprocessing = 0;
		};
		17016F7C2A310A3B00C1593E /* Resources */ = {
			isa = PBXResourcesBuildPhase;
			buildActionMask = 2147483647;
			files = (
			);
			runOnlyForDeploymentPostprocessing = 0;
		};
		17016F862A310A3B00C1593E /* Resources */ = {
			isa = PBXResourcesBuildPhase;
			buildActionMask = 2147483647;
			files = (
			);
			runOnlyForDeploymentPostprocessing = 0;
		};
/* End PBXResourcesBuildPhase section */

/* Begin PBXSourcesBuildPhase section */
		17016F692A310A3A00C1593E /* Sources */ = {
			isa = PBXSourcesBuildPhase;
			buildActionMask = 2147483647;
			files = (
				17016F732A310A3A00C1593E /* ContentView.swift in Sources */,
				17016F712A310A3A00C1593E /* LycheeApp.swift in Sources */,
			);
			runOnlyForDeploymentPostprocessing = 0;
		};
		17016F7A2A310A3B00C1593E /* Sources */ = {
			isa = PBXSourcesBuildPhase;
			buildActionMask = 2147483647;
			files = (
				17016F832A310A3B00C1593E /* LycheeTests.swift in Sources */,
			);
			runOnlyForDeploymentPostprocessing = 0;
		};
		17016F842A310A3B00C1593E /* Sources */ = {
			isa = PBXSourcesBuildPhase;
			buildActionMask = 2147483647;
			files = (
				17016F8F2A310A3B00C1593E /* LycheeUITestsLaunchTests.swift in Sources */,
				17016F8D2A310A3B00C1593E /* LycheeUITests.swift in Sources */,
			);
			runOnlyForDeploymentPostprocessing = 0;
		};
/* End PBXSourcesBuildPhase section */

/* Begin PBXTargetDependency section */
		17016F802A310A3B00C1593E /* PBXTargetDependency */ = {
			isa = PBXTargetDependency;
			target = 17016F6C2A310A3A00C1593E /* Lychee */;
			targetProxy = 17016F7F2A310A3B00C1593E /* PBXContainerItemProxy */;
		};
		17016F8A2A310A3B00C1593E /* PBXTargetDependency */ = {
			isa = PBXTargetDependency;
			target = 17016F6C2A310A3A00C1593E /* Lychee */;
			targetProxy = 17016F892A310A3B00C1593E /* PBXContainerItemProxy */;
		};
/* End PBXTargetDependency section */

/* Begin XCBuildConfiguration section */
		17016F902A310A3B00C1593E /* Debug */ = {
			isa = XCBuildConfiguration;
			buildSettings = {
				ALWAYS_SEARCH_USER_PATHS = NO;
				CLANG_ANALYZER_NONNULL = YES;
				CLANG_ANALYZER_NUMBER_OBJECT_CONVERSION = YES_AGGRESSIVE;
				CLANG_CXX_LANGUAGE_STANDARD = "gnu++20";
				CLANG_ENABLE_MODULES = YES;
				CLANG_ENABLE_OBJC_ARC = YES;
				CLANG_ENABLE_OBJC_WEAK = YES;
				CLANG_WARN_BLOCK_CAPTURE_AUTORELEASING = YES;
				CLANG_WARN_BOOL_CONVERSION = YES;
				CLANG_WARN_COMMA = YES;
				CLANG_WARN_CONSTANT_CONVERSION = YES;
				CLANG_WARN_DEPRECATED_OBJC_IMPLEMENTATIONS = YES;
				CLANG_WARN_DIRECT_OBJC_ISA_USAGE = YES_ERROR;
				CLANG_WARN_DOCUMENTATION_COMMENTS = YES;
				CLANG_WARN_EMPTY_BODY = YES;
				CLANG_WARN_ENUM_CONVERSION = YES;
				CLANG_WARN_INFINITE_RECURSION = YES;
				CLANG_WARN_INT_CONVERSION = YES;
				CLANG_WARN_NON_LITERAL_NULL_CONVERSION = YES;
				CLANG_WARN_OBJC_IMPLICIT_RETAIN_SELF = YES;
				CLANG_WARN_OBJC_LITERAL_CONVERSION = YES;
				CLANG_WARN_OBJC_ROOT_CLASS = YES_ERROR;
				CLANG_WARN_QUOTED_INCLUDE_IN_FRAMEWORK_HEADER = YES;
				CLANG_WARN_RANGE_LOOP_ANALYSIS = YES;
				CLANG_WARN_STRICT_PROTOTYPES = YES;
				CLANG_WARN_SUSPICIOUS_MOVE = YES;
				CLANG_WARN_UNGUARDED_AVAILABILITY = YES_AGGRESSIVE;
				CLANG_WARN_UNREACHABLE_CODE = YES;
				CLANG_WARN__DUPLICATE_METHOD_MATCH = YES;
				COPY_PHASE_STRIP = NO;
				DEBUG_INFORMATION_FORMAT = dwarf;
				ENABLE_STRICT_OBJC_MSGSEND = YES;
				ENABLE_TESTABILITY = YES;
				GCC_C_LANGUAGE_STANDARD = gnu11;
				GCC_DYNAMIC_NO_PIC = NO;
				GCC_NO_COMMON_BLOCKS = YES;
				GCC_OPTIMIZATION_LEVEL = 0;
				GCC_PREPROCESSOR_DEFINITIONS = (
					"DEBUG=1",
					"$(inherited)",
				);
				GCC_WARN_64_TO_32_BIT_CONVERSION = YES;
				GCC_WARN_ABOUT_RETURN_TYPE = YES_ERROR;
				GCC_WARN_UNDECLARED_SELECTOR = YES;
				GCC_WARN_UNINITIALIZED_AUTOS = YES_AGGRESSIVE;
				GCC_WARN_UNUSED_FUNCTION = YES;
				GCC_WARN_UNUSED_VARIABLE = YES;
				MACOSX_DEPLOYMENT_TARGET = 13.1;
				MTL_ENABLE_DEBUG_INFO = INCLUDE_SOURCE;
				MTL_FAST_MATH = YES;
				ONLY_ACTIVE_ARCH = YES;
				SDKROOT = macosx;
				SWIFT_ACTIVE_COMPILATION_CONDITIONS = DEBUG;
				SWIFT_OPTIMIZATION_LEVEL = "-Onone";
			};
			name = Debug;
		};
		17016F912A310A3B00C1593E /* Release */ = {
			isa = XCBuildConfiguration;
			buildSettings = {
				ALWAYS_SEARCH_USER_PATHS = NO;
				CLANG_ANALYZER_NONNULL = YES;
				CLANG_ANALYZER_NUMBER_OBJECT_CONVERSION = YES_AGGRESSIVE;
				CLANG_CXX_LANGUAGE_STANDARD = "gnu++20";
				CLANG_ENABLE_MODULES = YES;
				CLANG_ENABLE_OBJC_ARC = YES;
				CLANG_ENABLE_OBJC_WEAK = YES;
				CLANG_WARN_BLOCK_CAPTURE_AUTORELEASING = YES;
				CLANG_WARN_BOOL_CONVERSION = YES;
				CLANG_WARN_COMMA = YES;
				CLANG_WARN_CONSTANT_CONVERSION = YES;
				CLANG_WARN_DEPRECATED_OBJC_IMPLEMENTATIONS = YES;
				CLANG_WARN_DIRECT_OBJC_ISA_USAGE = YES_ERROR;
				CLANG_WARN_DOCUMENTATION_COMMENTS = YES;
				CLANG_WARN_EMPTY_BODY = YES;
				CLANG_WARN_ENUM_CONVERSION = YES;
				CLANG_WARN_INFINITE_RECURSION = YES;
				CLANG_WARN_INT_CONVERSION = YES;
				CLANG_WARN_NON_LITERAL_NULL_CONVERSION = YES;
				CLANG_WARN_OBJC_IMPLICIT_RETAIN_SELF = YES;
				CLANG_WARN_OBJC_LITERAL_CONVERSION = YES;
				CLANG_WARN_OBJC_ROOT_CLASS = YES_ERROR;
				CLANG_WARN_QUOTED_INCLUDE_IN_FRAMEWORK_HEADER = YES;
				CLANG_WARN_RANGE_LOOP_ANALYSIS = YES;
				CLANG_WARN_STRICT_PROTOTYPES = YES;
				CLANG_WARN_SUSPICIOUS_MOVE = YES;
				CLANG_WARN_UNGUARDED_AVAILABILITY = YES_AGGRESSIVE;
				CLANG_WARN_UNREACHABLE_CODE = YES;
				CLANG_WARN__DUPLICATE_METHOD_MATCH = YES;
				COPY_PHASE_STRIP = NO;
				DEBUG_INFORMATION_FORMAT = "dwarf-with-dsym";
				ENABLE_NS_ASSERTIONS = NO;
				ENABLE_STRICT_OBJC_MSGSEND = YES;
				GCC_C_LANGUAGE_STANDARD = gnu11;
				GCC_NO_COMMON_BLOCKS = YES;
				GCC_WARN_64_TO_32_BIT_CONVERSION = YES;
				GCC_WARN_ABOUT_RETURN_TYPE = YES_ERROR;
				GCC_WARN_UNDECLARED_SELECTOR = YES;
				GCC_WARN_UNINITIALIZED_AUTOS = YES_AGGRESSIVE;
				GCC_WARN_UNUSED_FUNCTION = YES;
				GCC_WARN_UNUSED_VARIABLE = YES;
				MACOSX_DEPLOYMENT_TARGET = 13.1;
				MTL_ENABLE_DEBUG_INFO = NO;
				MTL_FAST_MATH = YES;
				SDKROOT = macosx;
				SWIFT_COMPILATION_MODE = wholemodule;
				SWIFT_OPTIMIZATION_LEVEL = "-O";
			};
			name = Release;
		};
		17016F932A310A3B00C1593E /* Debug */ = {
			isa = XCBuildConfiguration;
			buildSettings = {
				ASSETCATALOG_COMPILER_APPICON_NAME = AppIcon;
				ASSETCATALOG_COMPILER_GLOBAL_ACCENT_COLOR_NAME = AccentColor;
				CODE_SIGN_ENTITLEMENTS = Lychee/Lychee.entitlements;
				CODE_SIGN_STYLE = Automatic;
				COMBINE_HIDPI_IMAGES = YES;
				CURRENT_PROJECT_VERSION = 1;
				DEVELOPMENT_ASSET_PATHS = "\"Lychee/Preview Content\"";
				DEVELOPMENT_TEAM = N32LXTDNU2;
				ENABLE_HARDENED_RUNTIME = YES;
				ENABLE_PREVIEWS = YES;
				GENERATE_INFOPLIST_FILE = YES;
				INFOPLIST_KEY_NSHumanReadableCopyright = "";
				LD_RUNPATH_SEARCH_PATHS = (
					"$(inherited)",
					"@executable_path/../Frameworks",
				);
				MARKETING_VERSION = 1.0;
				PRODUCT_BUNDLE_IDENTIFIER = PaulLimpin.Lychee;
				PRODUCT_NAME = "$(TARGET_NAME)";
				SWIFT_EMIT_LOC_STRINGS = YES;
				SWIFT_VERSION = 5.0;
			};
			name = Debug;
		};
		17016F942A310A3B00C1593E /* Release */ = {
			isa = XCBuildConfiguration;
			buildSettings = {
				ASSETCATALOG_COMPILER_APPICON_NAME = AppIcon;
				ASSETCATALOG_COMPILER_GLOBAL_ACCENT_COLOR_NAME = AccentColor;
				CODE_SIGN_ENTITLEMENTS = Lychee/Lychee.entitlements;
				CODE_SIGN_STYLE = Automatic;
				COMBINE_HIDPI_IMAGES = YES;
				CURRENT_PROJECT_VERSION = 1;
				DEVELOPMENT_ASSET_PATHS = "\"Lychee/Preview Content\"";
				DEVELOPMENT_TEAM = N32LXTDNU2;
				ENABLE_HARDENED_RUNTIME = YES;
				ENABLE_PREVIEWS = YES;
				GENERATE_INFOPLIST_FILE = YES;
				INFOPLIST_KEY_NSHumanReadableCopyright = "";
				LD_RUNPATH_SEARCH_PATHS = (
					"$(inherited)",
					"@executable_path/../Frameworks",
				);
				MARKETING_VERSION = 1.0;
				PRODUCT_BUNDLE_IDENTIFIER = PaulLimpin.Lychee;
				PRODUCT_NAME = "$(TARGET_NAME)";
				SWIFT_EMIT_LOC_STRINGS = YES;
				SWIFT_VERSION = 5.0;
			};
			name = Release;
		};
		17016F962A310A3B00C1593E /* Debug */ = {
			isa = XCBuildConfiguration;
			buildSettings = {
				ALWAYS_EMBED_SWIFT_STANDARD_LIBRARIES = YES;
				BUNDLE_LOADER = "$(TEST_HOST)";
				CODE_SIGN_STYLE = Automatic;
				CURRENT_PROJECT_VERSION = 1;
				DEVELOPMENT_TEAM = N32LXTDNU2;
				GENERATE_INFOPLIST_FILE = YES;
				MACOSX_DEPLOYMENT_TARGET = 13.1;
				MARKETING_VERSION = 1.0;
				PRODUCT_BUNDLE_IDENTIFIER = PaulLimpin.LycheeTests;
				PRODUCT_NAME = "$(TARGET_NAME)";
				SWIFT_EMIT_LOC_STRINGS = NO;
				SWIFT_VERSION = 5.0;
				TEST_HOST = "$(BUILT_PRODUCTS_DIR)/Lychee.app/$(BUNDLE_EXECUTABLE_FOLDER_PATH)/Lychee";
			};
			name = Debug;
		};
		17016F972A310A3B00C1593E /* Release */ = {
			isa = XCBuildConfiguration;
			buildSettings = {
				ALWAYS_EMBED_SWIFT_STANDARD_LIBRARIES = YES;
				BUNDLE_LOADER = "$(TEST_HOST)";
				CODE_SIGN_STYLE = Automatic;
				CURRENT_PROJECT_VERSION = 1;
				DEVELOPMENT_TEAM = N32LXTDNU2;
				GENERATE_INFOPLIST_FILE = YES;
				MACOSX_DEPLOYMENT_TARGET = 13.1;
				MARKETING_VERSION = 1.0;
				PRODUCT_BUNDLE_IDENTIFIER = PaulLimpin.LycheeTests;
				PRODUCT_NAME = "$(TARGET_NAME)";
				SWIFT_EMIT_LOC_STRINGS = NO;
				SWIFT_VERSION = 5.0;
				TEST_HOST = "$(BUILT_PRODUCTS_DIR)/Lychee.app/$(BUNDLE_EXECUTABLE_FOLDER_PATH)/Lychee";
			};
			name = Release;
		};
		17016F992A310A3B00C1593E /* Debug */ = {
			isa = XCBuildConfiguration;
			buildSettings = {
				ALWAYS_EMBED_SWIFT_STANDARD_LIBRARIES = YES;
				CODE_SIGN_STYLE = Automatic;
				CURRENT_PROJECT_VERSION = 1;
				DEVELOPMENT_TEAM = N32LXTDNU2;
				GENERATE_INFOPLIST_FILE = YES;
				MARKETING_VERSION = 1.0;
				PRODUCT_BUNDLE_IDENTIFIER = PaulLimpin.LycheeUITests;
				PRODUCT_NAME = "$(TARGET_NAME)";
				SWIFT_EMIT_LOC_STRINGS = NO;
				SWIFT_VERSION = 5.0;
				TEST_TARGET_NAME = Lychee;
			};
			name = Debug;
		};
		17016F9A2A310A3B00C1593E /* Release */ = {
			isa = XCBuildConfiguration;
			buildSettings = {
				ALWAYS_EMBED_SWIFT_STANDARD_LIBRARIES = YES;
				CODE_SIGN_STYLE = Automatic;
				CURRENT_PROJECT_VERSION = 1;
				DEVELOPMENT_TEAM = N32LXTDNU2;
				GENERATE_INFOPLIST_FILE = YES;
				MARKETING_VERSION = 1.0;
				PRODUCT_BUNDLE_IDENTIFIER = PaulLimpin.LycheeUITests;
				PRODUCT_NAME = "$(TARGET_NAME)";
				SWIFT_EMIT_LOC_STRINGS = NO;
				SWIFT_VERSION = 5.0;
				TEST_TARGET_NAME = Lychee;
			};
			name = Release;
		};
/* End XCBuildConfiguration section */

/* Begin XCConfigurationList section */
		17016F682A310A3A00C1593E /* Build configuration list for PBXProject "Lychee" */ = {
			isa = XCConfigurationList;
			buildConfigurations = (
				17016F902A310A3B00C1593E /* Debug */,
				17016F912A310A3B00C1593E /* Release */,
			);
			defaultConfigurationIsVisible = 0;
			defaultConfigurationName = Release;
		};
		17016F922A310A3B00C1593E /* Build configuration list for PBXNativeTarget "Lychee" */ = {
			isa = XCConfigurationList;
			buildConfigurations = (
				17016F932A310A3B00C1593E /* Debug */,
				17016F942A310A3B00C1593E /* Release */,
			);
			defaultConfigurationIsVisible = 0;
			defaultConfigurationName = Release;
		};
		17016F952A310A3B00C1593E /* Build configuration list for PBXNativeTarget "LycheeTests" */ = {
			isa = XCConfigurationList;
			buildConfigurations = (
				17016F962A310A3B00C1593E /* Debug */,
				17016F972A310A3B00C1593E /* Release */,
			);
			defaultConfigurationIsVisible = 0;
			defaultConfigurationName = Release;
		};
		17016F982A310A3B00C1593E /* Build configuration list for PBXNativeTarget "LycheeUITests" */ = {
			isa = XCConfigurationList;
			buildConfigurations = (
				17016F992A310A3B00C1593E /* Debug */,
				17016F9A2A310A3B00C1593E /* Release */,
			);
			defaultConfigurationIsVisible = 0;
			defaultConfigurationName = Release;
		};
/* End XCConfigurationList section */
	};
	rootObject = 17016F652A310A3A00C1593E /* Project object */;
}
